
Microsoft Visual Studio Solution File, Format Version 12.00
# Visual Studio 2013
VisualStudioVersion = 12.0.30723.0
MinimumVisualStudioVersion = 10.0.40219.1
Project("{2150E333-8FDC-42A3-9474-1A3956D46DE8}") = "Solution Items", "Solution Items", "{6B271083-678B-4088-9B1A-D8402A9B9147}"
	ProjectSection(SolutionItems) = preProject
		LocalTestRun.testrunconfig = LocalTestRun.testrunconfig
		SimpleT4Engine.vsmdi = SimpleT4Engine.vsmdi
	EndProjectSection
EndProject
Project("{FAE04EC0-301F-11D3-BF4B-00C04F79EFBC}") = "SimpleT4Engine.Api", "SimpleT4Engine.Api\SimpleT4Engine.Api.csproj", "{C901BBC0-4E3D-49AC-A31F-EC27E3720AAA}"
EndProject
Project("{FAE04EC0-301F-11D3-BF4B-00C04F79EFBC}") = "_unittests.SimpleT4Engine.Api", "_unittests.SimpleT4Engine.Api\_unittests.SimpleT4Engine.Api.csproj", "{1CCEDA6A-EC57-4CA2-A9C3-CEE186AEC0CF}"
EndProject
Global
	GlobalSection(SolutionConfigurationPlatforms) = preSolution
		Debug|Any CPU = Debug|Any CPU
		Release|Any CPU = Release|Any CPU
	EndGlobalSection
	GlobalSection(ProjectConfigurationPlatforms) = postSolution
		{C901BBC0-4E3D-49AC-A31F-EC27E3720AAA}.Debug|Any CPU.ActiveCfg = Debug|Any CPU
		{C901BBC0-4E3D-49AC-A31F-EC27E3720AAA}.Debug|Any CPU.Build.0 = Debug|Any CPU
		{C901BBC0-4E3D-49AC-A31F-EC27E3720AAA}.Release|Any CPU.ActiveCfg = Release|Any CPU
		{C901BBC0-4E3D-49AC-A31F-EC27E3720AAA}.Release|Any CPU.Build.0 = Release|Any CPU
		{1CCEDA6A-EC57-4CA2-A9C3-CEE186AEC0CF}.Debug|Any CPU.ActiveCfg = Debug|Any CPU
		{1CCEDA6A-EC57-4CA2-A9C3-CEE186AEC0CF}.Debug|Any CPU.Build.0 = Debug|Any CPU
		{1CCEDA6A-EC57-4CA2-A9C3-CEE186AEC0CF}.Release|Any CPU.ActiveCfg = Release|Any CPU
		{1CCEDA6A-EC57-4CA2-A9C3-CEE186AEC0CF}.Release|Any CPU.Build.0 = Release|Any CPU
	EndGlobalSection
	GlobalSection(SolutionProperties) = preSolution
		HideSolutionNode = FALSE
	EndGlobalSection
	GlobalSection(TestCaseManagementSettings) = postSolution
		CategoryFile = SimpleT4Engine.vsmdi
	EndGlobalSection
EndGlobal
